// !$*UTF8*$!
{
	archiveVersion = 1;
	classes = {
	};
	objectVersion = 46;
	objects = {

/* Begin PBXBuildFile section */
		FC1D64951A4D106E003CE371 /* main.m in Sources */ = {isa = PBXBuildFile; fileRef = FC1D64941A4D106E003CE371 /* main.m */; };
		FC1D64981A4D106E003CE371 /* AppDelegate.m in Sources */ = {isa = PBXBuildFile; fileRef = FC1D64971A4D106E003CE371 /* AppDelegate.m */; };
		FC1D649E1A4D106E003CE371 /* Main.storyboard in Resources */ = {isa = PBXBuildFile; fileRef = FC1D649C1A4D106E003CE371 /* Main.storyboard */; };
		FC1D64A01A4D106E003CE371 /* Images.xcassets in Resources */ = {isa = PBXBuildFile; fileRef = FC1D649F1A4D106E003CE371 /* Images.xcassets */; };
		FC1D64A31A4D106E003CE371 /* LaunchScreen.xib in Resources */ = {isa = PBXBuildFile; fileRef = FC1D64A11A4D106E003CE371 /* LaunchScreen.xib */; };
		FC1D64AF1A4D106E003CE371 /* AddressBookTests.m in Sources */ = {isa = PBXBuildFile; fileRef = FC1D64AE1A4D106E003CE371 /* AddressBookTests.m */; };
		FC1D64C01A4D1228003CE371 /* KCContactTableViewController.m in Sources */ = {isa = PBXBuildFile; fileRef = FC1D64BF1A4D1228003CE371 /* KCContactTableViewController.m */; };
		FC1D64C21A4D2E9C003CE371 /* AddressBook.framework in Frameworks */ = {isa = PBXBuildFile; fileRef = FC1D64C11A4D2E9C003CE371 /* AddressBook.framework */; };
		FC1D64C51A4D5119003CE371 /* KCAddPersonViewController.m in Sources */ = {isa = PBXBuildFile; fileRef = FC1D64C41A4D5119003CE371 /* KCAddPersonViewController.m */; };
/* End PBXBuildFile section */

/* Begin PBXContainerItemProxy section */
		FC1D64A91A4D106E003CE371 /* PBXContainerItemProxy */ = {
			isa = PBXContainerItemProxy;
			containerPortal = FC1D64871A4D106E003CE371 /* Project object */;
			proxyType = 1;
			remoteGlobalIDString = FC1D648E1A4D106E003CE371;
			remoteInfo = AddressBook;
		};
/* End PBXContainerItemProxy section */

/* Begin PBXFileReference section */
		FC1D648F1A4D106E003CE371 /* AddressBook.app */ = {isa = PBXFileReference; explicitFileType = wrapper.application; includeInIndex = 0; path = AddressBook.app; sourceTree = BUILT_PRODUCTS_DIR; };
		FC1D64931A4D106E003CE371 /* Info.plist */ = {isa = PBXFileReference; lastKnownFileType = text.plist.xml; path = Info.plist; sourceTree = "<group>"; };
		FC1D64941A4D106E003CE371 /* main.m */ = {isa = PBXFileReference; lastKnownFileType = sourcecode.c.objc; path = main.m; sourceTree = "<group>"; };
		FC1D64961A4D106E003CE371 /* AppDelegate.h */ = {isa = PBXFileReference; lastKnownFileType = sourcecode.c.h; path = AppDelegate.h; sourceTree = "<group>"; };
		FC1D64971A4D106E003CE371 /* AppDelegate.m */ = {isa = PBXFileReference; lastKnownFileType = sourcecode.c.objc; path = AppDelegate.m; sourceTree = "<group>"; };
		FC1D649D1A4D106E003CE371 /* Base */ = {isa = PBXFileReference; lastKnownFileType = file.storyboard; name = Base; path = Base.lproj/Main.storyboard; sourceTree = "<group>"; };
		FC1D649F1A4D106E003CE371 /* Images.xcassets */ = {isa = PBXFileReference; lastKnownFileType = folder.assetcatalog; name = Images.xcassets; path = ../AddressBook/Images.xcassets; sourceTree = "<group>"; };
		FC1D64A21A4D106E003CE371 /* Base */ = {isa = PBXFileReference; lastKnownFileType = file.xib; name = Base; path = Base.lproj/LaunchScreen.xib; sourceTree = "<group>"; };
		FC1D64A81A4D106E003CE371 /* AddressBookTests.xctest */ = {isa = PBXFileReference; explicitFileType = wrapper.cfbundle; includeInIndex = 0; path = AddressBookTests.xctest; sourceTree = BUILT_PRODUCTS_DIR; };
		FC1D64AD1A4D106E003CE371 /* Info.plist */ = {isa = PBXFileReference; lastKnownFileType = text.plist.xml; path = Info.plist; sourceTree = "<group>"; };
		FC1D64AE1A4D106E003CE371 /* AddressBookTests.m */ = {isa = PBXFileReference; lastKnownFileType = sourcecode.c.objc; path = AddressBookTests.m; sourceTree = "<group>"; };
		FC1D64BE1A4D1228003CE371 /* KCContactTableViewController.h */ = {isa = PBXFileReference; fileEncoding = 4; lastKnownFileType = sourcecode.c.h; path = KCContactTableViewController.h; sourceTree = "<group>"; };
		FC1D64BF1A4D1228003CE371 /* KCContactTableViewController.m */ = {isa = PBXFileReference; fileEncoding = 4; lastKnownFileType = sourcecode.c.objc; path = KCContactTableViewController.m; sourceTree = "<group>"; };
		FC1D64C11A4D2E9C003CE371 /* AddressBook.framework */ = {isa = PBXFileReference; lastKnownFileType = wrapper.framework; name = AddressBook.framework; path = System/Library/Frameworks/AddressBook.framework; sourceTree = SDKROOT; };
		FC1D64C31A4D5119003CE371 /* KCAddPersonViewController.h */ = {isa = PBXFileReference; fileEncoding = 4; lastKnownFileType = sourcecode.c.h; path = KCAddPersonViewController.h; sourceTree = "<group>"; };
		FC1D64C41A4D5119003CE371 /* KCAddPersonViewController.m */ = {isa = PBXFileReference; fileEncoding = 4; lastKnownFileType = sourcecode.c.objc; path = KCAddPersonViewController.m; sourceTree = "<group>"; };
/* End PBXFileReference section */

/* Begin PBXFrameworksBuildPhase section */
		FC1D648C1A4D106E003CE371 /* Frameworks */ = {
			isa = PBXFrameworksBuildPhase;
			buildActionMask = 2147483647;
			files = (
				FC1D64C21A4D2E9C003CE371 /* AddressBook.framework in Frameworks */,
			);
			runOnlyForDeploymentPostprocessing = 0;
		};
		FC1D64A51A4D106E003CE371 /* Frameworks */ = {
			isa = PBXFrameworksBuildPhase;
			buildActionMask = 2147483647;
			files = (
			);
			runOnlyForDeploymentPostprocessing = 0;
		};
/* End PBXFrameworksBuildPhase section */

/* Begin PBXGroup section */
		FC1D64861A4D106E003CE371 = {
			isa = PBXGroup;
			children = (
				FC1D64C11A4D2E9C003CE371 /* AddressBook.framework */,
				FC1D64911A4D106E003CE371 /* AddressBook */,
				FC1D64AB1A4D106E003CE371 /* AddressBookTests */,
				FC1D64901A4D106E003CE371 /* Products */,
			);
			sourceTree = "<group>";
		};
		FC1D64901A4D106E003CE371 /* Products */ = {
			isa = PBXGroup;
			children = (
				FC1D648F1A4D106E003CE371 /* AddressBook.app */,
				FC1D64A81A4D106E003CE371 /* AddressBookTests.xctest */,
			);
			name = Products;
			sourceTree = "<group>";
		};
		FC1D64911A4D106E003CE371 /* AddressBook */ = {
			isa = PBXGroup;
			children = (
				FC1D64961A4D106E003CE371 /* AppDelegate.h */,
				FC1D64971A4D106E003CE371 /* AppDelegate.m */,
				FC1D649C1A4D106E003CE371 /* Main.storyboard */,
				FC1D64BE1A4D1228003CE371 /* KCContactTableViewController.h */,
				FC1D64BF1A4D1228003CE371 /* KCContactTableViewController.m */,
				FC1D64C31A4D5119003CE371 /* KCAddPersonViewController.h */,
				FC1D64C41A4D5119003CE371 /* KCAddPersonViewController.m */,
				FC1D64921A4D106E003CE371 /* Supporting Files */,
			);
			path = AddressBook;
			sourceTree = "<group>";
		};
		FC1D64921A4D106E003CE371 /* Supporting Files */ = {
			isa = PBXGroup;
			children = (
				FC1D64931A4D106E003CE371 /* Info.plist */,
				FC1D64941A4D106E003CE371 /* main.m */,
			);
			name = "Supporting Files";
			sourceTree = "<group>";
		};
		FC1D64AB1A4D106E003CE371 /* AddressBookTests */ = {
			isa = PBXGroup;
			children = (
				FC1D64A11A4D106E003CE371 /* LaunchScreen.xib */,
				FC1D649F1A4D106E003CE371 /* Images.xcassets */,
				FC1D64AE1A4D106E003CE371 /* AddressBookTests.m */,
				FC1D64AC1A4D106E003CE371 /* Supporting Files */,
			);
			path = AddressBookTests;
			sourceTree = "<group>";
		};
		FC1D64AC1A4D106E003CE371 /* Supporting Files */ = {
			isa = PBXGroup;
			children = (
				FC1D64AD1A4D106E003CE371 /* Info.plist */,
			);
			name = "Supporting Files";
			sourceTree = "<group>";
		};
/* End PBXGroup section */

/* Begin PBXNativeTarget section */
		FC1D648E1A4D106E003CE371 /* AddressBook */ = {
			isa = PBXNativeTarget;
			buildConfigurationList = FC1D64B21A4D106E003CE371 /* Build configuration list for PBXNativeTarget "AddressBook" */;
			buildPhases = (
				FC1D648B1A4D106E003CE371 /* Sources */,
				FC1D648C1A4D106E003CE371 /* Frameworks */,
				FC1D648D1A4D106E003CE371 /* Resources */,
			);
			buildRules = (
			);
			dependencies = (
			);
			name = AddressBook;
			productName = AddressBook;
			productReference = FC1D648F1A4D106E003CE371 /* AddressBook.app */;
			productType = "com.apple.product-type.application";
		};
		FC1D64A71A4D106E003CE371 /* AddressBookTests */ = {
			isa = PBXNativeTarget;
			buildConfigurationList = FC1D64B51A4D106E003CE371 /* Build configuration list for PBXNativeTarget "AddressBookTests" */;
			buildPhases = (
				FC1D64A41A4D106E003CE371 /* Sources */,
				FC1D64A51A4D106E003CE371 /* Frameworks */,
				FC1D64A61A4D106E003CE371 /* Resources */,
			);
			buildRules = (
			);
			dependencies = (
				FC1D64AA1A4D106E003CE371 /* PBXTargetDependency */,
			);
			name = AddressBookTests;
			productName = AddressBookTests;
			productReference = FC1D64A81A4D106E003CE371 /* AddressBookTests.xctest */;
			productType = "com.apple.product-type.bundle.unit-test";
		};
/* End PBXNativeTarget section */

/* Begin PBXProject section */
		FC1D64871A4D106E003CE371 /* Project object */ = {
			isa = PBXProject;
			attributes = {
				LastUpgradeCheck = 0610;
				ORGANIZATIONNAME = cmjstudio;
				TargetAttributes = {
					FC1D648E1A4D106E003CE371 = {
						CreatedOnToolsVersion = 6.1.1;
					};
					FC1D64A71A4D106E003CE371 = {
						CreatedOnToolsVersion = 6.1.1;
						TestTargetID = FC1D648E1A4D106E003CE371;
					};
				};
			};
			buildConfigurationList = FC1D648A1A4D106E003CE371 /* Build configuration list for PBXProject "AddressBook" */;
			compatibilityVersion = "Xcode 3.2";
			developmentRegion = English;
			hasScannedForEncodings = 0;
			knownRegions = (
				en,
				Base,
			);
			mainGroup = FC1D64861A4D106E003CE371;
			productRefGroup = FC1D64901A4D106E003CE371 /* Products */;
			projectDirPath = "";
			projectRoot = "";
			targets = (
				FC1D648E1A4D106E003CE371 /* AddressBook */,
				FC1D64A71A4D106E003CE371 /* AddressBookTests */,
			);
		};
/* End PBXProject section */

/* Begin PBXResourcesBuildPhase section */
		FC1D648D1A4D106E003CE371 /* Resources */ = {
			isa = PBXResourcesBuildPhase;
			buildActionMask = 2147483647;
			files = (
				FC1D649E1A4D106E003CE371 /* Main.storyboard in Resources */,
				FC1D64A31A4D106E003CE371 /* LaunchScreen.xib in Resources */,
				FC1D64A01A4D106E003CE371 /* Images.xcassets in Resources */,
			);
			runOnlyForDeploymentPostprocessing = 0;
		};
		FC1D64A61A4D106E003CE371 /* Resources */ = {
			isa = PBXResourcesBuildPhase;
			buildActionMask = 2147483647;
			files = (
			);
			runOnlyForDeploymentPostprocessing = 0;
		};
/* End PBXResourcesBuildPhase section */

/* Begin PBXSourcesBuildPhase section */
		FC1D648B1A4D106E003CE371 /* Sources */ = {
			isa = PBXSourcesBuildPhase;
			buildActionMask = 2147483647;
			files = (
				FC1D64C01A4D1228003CE371 /* KCContactTableViewController.m in Sources */,
				FC1D64981A4D106E003CE371 /* AppDelegate.m in Sources */,
				FC1D64951A4D106E003CE371 /* main.m in Sources */,
				FC1D64C51A4D5119003CE371 /* KCAddPersonViewController.m in Sources */,
			);
			runOnlyForDeploymentPostprocessing = 0;
		};
		FC1D64A41A4D106E003CE371 /* Sources */ = {
			isa = PBXSourcesBuildPhase;
			buildActionMask = 2147483647;
			files = (
				FC1D64AF1A4D106E003CE371 /* AddressBookTests.m in Sources */,
			);
			runOnlyForDeploymentPostprocessing = 0;
		};
/* End PBXSourcesBuildPhase section */

/* Begin PBXTargetDependency section */
		FC1D64AA1A4D106E003CE371 /* PBXTargetDependency */ = {
			isa = PBXTargetDependency;
			target = FC1D648E1A4D106E003CE371 /* AddressBook */;
			targetProxy = FC1D64A91A4D106E003CE371 /* PBXContainerItemProxy */;
		};
/* End PBXTargetDependency section */

/* Begin PBXVariantGroup section */
		FC1D649C1A4D106E003CE371 /* Main.storyboard */ = {
			isa = PBXVariantGroup;
			children = (
				FC1D649D1A4D106E003CE371 /* Base */,
			);
			name = Main.storyboard;
			sourceTree = "<group>";
		};
		FC1D64A11A4D106E003CE371 /* LaunchScreen.xib */ = {
			isa = PBXVariantGroup;
			children = (
				FC1D64A21A4D106E003CE371 /* Base */,
			);
			name = LaunchScreen.xib;
			path = ../AddressBook;
			sourceTree = "<group>";
		};
/* End PBXVariantGroup section */

/* Begin XCBuildConfiguration section */
		FC1D64B01A4D106E003CE371 /* Debug */ = {
			isa = XCBuildConfiguration;
			buildSettings = {
				ALWAYS_SEARCH_USER_PATHS = NO;
				CLANG_CXX_LANGUAGE_STANDARD = "gnu++0x";
				CLANG_CXX_LIBRARY = "libc++";
				CLANG_ENABLE_MODULES = YES;
				CLANG_ENABLE_OBJC_ARC = YES;
				CLANG_WARN_BOOL_CONVERSION = YES;
				CLANG_WARN_CONSTANT_CONVERSION = YES;
				CLANG_WARN_DIRECT_OBJC_ISA_USAGE = YES_ERROR;
				CLANG_WARN_EMPTY_BODY = YES;
				CLANG_WARN_ENUM_CONVERSION = YES;
				CLANG_WARN_INT_CONVERSION = YES;
				CLANG_WARN_OBJC_ROOT_CLASS = YES_ERROR;
				CLANG_WARN_UNREACHABLE_CODE = YES;
				CLANG_WARN__DUPLICATE_METHOD_MATCH = YES;
				"CODE_SIGN_IDENTITY[sdk=iphoneos*]" = "iPhone Developer";
				COPY_PHASE_STRIP = NO;
				ENABLE_STRICT_OBJC_MSGSEND = YES;
				GCC_C_LANGUAGE_STANDARD = gnu99;
				GCC_DYNAMIC_NO_PIC = NO;
				GCC_OPTIMIZATION_LEVEL = 0;
				GCC_PREPROCESSOR_DEFINITIONS = (
					"DEBUG=1",
					"$(inherited)",
				);
				GCC_SYMBOLS_PRIVATE_EXTERN = NO;
				GCC_WARN_64_TO_32_BIT_CONVERSION = YES;
				GCC_WARN_ABOUT_RETURN_TYPE = YES_ERROR;
				GCC_WARN_UNDECLARED_SELECTOR = YES;
				GCC_WARN_UNINITIALIZED_AUTOS = YES_AGGRESSIVE;
				GCC_WARN_UNUSED_FUNCTION = YES;
				GCC_WARN_UNUSED_VARIABLE = YES;
				IPHONEOS_DEPLOYMENT_TARGET = 8.1;
				MTL_ENABLE_DEBUG_INFO = YES;
				ONLY_ACTIVE_ARCH = YES;
				SDKROOT = iphoneos;
			};
			name = Debug;
		};
		FC1D64B11A4D106E003CE371 /* Release */ = {
			isa = XCBuildConfiguration;
			buildSettings = {
				ALWAYS_SEARCH_USER_PATHS = NO;
				CLANG_CXX_LANGUAGE_STANDARD = "gnu++0x";
				CLANG_CXX_LIBRARY = "libc++";
				CLANG_ENABLE_MODULES = YES;
				CLANG_ENABLE_OBJC_ARC = YES;
				CLANG_WARN_BOOL_CONVERSION = YES;
				CLANG_WARN_CONSTANT_CONVERSION = YES;
				CLANG_WARN_DIRECT_OBJC_ISA_USAGE = YES_ERROR;
				CLANG_WARN_EMPTY_BODY = YES;
				CLANG_WARN_ENUM_CONVERSION = YES;
				CLANG_WARN_INT_CONVERSION = YES;
				CLANG_WARN_OBJC_ROOT_CLASS = YES_ERROR;
				CLANG_WARN_UNREACHABLE_CODE = YES;
				CLANG_WARN__DUPLICATE_METHOD_MATCH = YES;
				"CODE_SIGN_IDENTITY[sdk=iphoneos*]" = "iPhone Developer";
				COPY_PHASE_STRIP = YES;
				ENABLE_NS_ASSERTIONS = NO;
				ENABLE_STRICT_OBJC_MSGSEND = YES;
				GCC_C_LANGUAGE_STANDARD = gnu99;
				GCC_WARN_64_TO_32_BIT_CONVERSION = YES;
				GCC_WARN_ABOUT_RETURN_TYPE = YES_ERROR;
				GCC_WARN_UNDECLARED_SELECTOR = YES;
				GCC_WARN_UNINITIALIZED_AUTOS = YES_AGGRESSIVE;
				GCC_WARN_UNUSED_FUNCTION = YES;
				GCC_WARN_UNUSED_VARIABLE = YES;
				IPHONEOS_DEPLOYMENT_TARGET = 8.1;
				MTL_ENABLE_DEBUG_INFO = NO;
				SDKROOT = iphoneos;
				VALIDATE_PRODUCT = YES;
			};
			name = Release;
		};
		FC1D64B31A4D106E003CE371 /* Debug */ = {
			isa = XCBuildConfiguration;
			buildSettings = {
				ASSETCATALOG_COMPILER_APPICON_NAME = AppIcon;
				INFOPLIST_FILE = AddressBook/Info.plist;
				LD_RUNPATH_SEARCH_PATHS = "$(inherited) @executable_path/Frameworks";
				PRODUCT_NAME = "$(TARGET_NAME)";
			};
			name = Debug;
		};
		FC1D64B41A4D106E003CE371 /* Release */ = {
			isa = XCBuildConfiguration;
			buildSettings = {
				ASSETCATALOG_COMPILER_APPICON_NAME = AppIcon;
				INFOPLIST_FILE = AddressBook/Info.plist;
				LD_RUNPATH_SEARCH_PATHS = "$(inherited) @executable_path/Frameworks";
				PRODUCT_NAME = "$(TARGET_NAME)";
			};
			name = Release;
		};
		FC1D64B61A4D106E003CE371 /* Debug */ = {
			isa = XCBuildConfiguration;
			buildSettings = {
				BUNDLE_LOADER = "$(TEST_HOST)";
				FRAMEWORK_SEARCH_PATHS = (
					"$(SDKROOT)/Developer/Library/Frameworks",
					"$(inherited)",
				);
				GCC_PREPROCESSOR_DEFINITIONS = (
					"DEBUG=1",
					"$(inherited)",
				);
				INFOPLIST_FILE = AddressBookTests/Info.plist;
				LD_RUNPATH_SEARCH_PATHS = "$(inherited) @executable_path/Frameworks @loader_path/Frameworks";
				PRODUCT_NAME = "$(TARGET_NAME)";
				TEST_HOST = "$(BUILT_PRODUCTS_DIR)/AddressBook.app/AddressBook";
			};
			name = Debug;
		};
		FC1D64B71A4D106E003CE371 /* Release */ = {
			isa = XCBuildConfiguration;
			buildSettings = {
				BUNDLE_LOADER = "$(TEST_HOST)";
				FRAMEWORK_SEARCH_PATHS = (
					"$(SDKROOT)/Developer/Library/Frameworks",
					"$(inherited)",
				);
				INFOPLIST_FILE = AddressBookTests/Info.plist;
				LD_RUNPATH_SEARCH_PATHS = "$(inherited) @executable_path/Frameworks @loader_path/Frameworks";
				PRODUCT_NAME = "$(TARGET_NAME)";
				TEST_HOST = "$(BUILT_PRODUCTS_DIR)/AddressBook.app/AddressBook";
			};
			name = Release;
		};
/* End XCBuildConfiguration section */

/* Begin XCConfigurationList section */
		FC1D648A1A4D106E003CE371 /* Build configuration list for PBXProject "AddressBook" */ = {
			isa = XCConfigurationList;
			buildConfigurations = (
				FC1D64B01A4D106E003CE371 /* Debug */,
				FC1D64B11A4D106E003CE371 /* Release */,
			);
			defaultConfigurationIsVisible = 0;
			defaultConfigurationName = Release;
		};
		FC1D64B21A4D106E003CE371 /* Build configuration list for PBXNativeTarget "AddressBook" */ = {
			isa = XCConfigurationList;
			buildConfigurations = (
				FC1D64B31A4D106E003CE371 /* Debug */,
				FC1D64B41A4D106E003CE371 /* Release */,
			);
			defaultConfigurationIsVisible = 0;
			defaultConfigurationName = Release;
		};
		FC1D64B51A4D106E003CE371 /* Build configuration list for PBXNativeTarget "AddressBookTests" */ = {
			isa = XCConfigurationList;
			buildConfigurations = (
				FC1D64B61A4D106E003CE371 /* Debug */,
				FC1D64B71A4D106E003CE371 /* Release */,
			);
			defaultConfigurationIsVisible = 0;
			defaultConfigurationName = Release;
		};
/* End XCConfigurationList section */
	};
	rootObject = FC1D64871A4D106E003CE371 /* Project object */;
}
